
Microsoft Visual Studio Solution File, Format Version 12.00
# Visual Studio Version 16
VisualStudioVersion = 16.0.32428.217
MinimumVisualStudioVersion = 10.0.40219.1
Project("{9A19103F-16F7-4668-BE54-9A1E7A4F7556}") = "TaskManagerAPI", "TaskManagerAPI\TaskManagerAPI.csproj", "{30B080EF-F44B-428A-BC4E-C78EBEE48C38}"
EndProject
Project("{FAE04EC0-301F-11D3-BF4B-00C04F79EFBC}") = "TaskManagerDomain", "TaskManagerDomain\TaskManagerDomain.csproj", "{AE89DF9A-FC8B-4032-A748-9953215BE874}"
EndProject
Project("{FAE04EC0-301F-11D3-BF4B-00C04F79EFBC}") = "TaskManagerService", "TaskManagerService\TaskManagerService.csproj", "{F98A512F-714D-4005-B9DD-B1E1E732A2DA}"
EndProject
Project("{FAE04EC0-301F-11D3-BF4B-00C04F79EFBC}") = "TaskManagerInfra", "TaskManagerInfra\TaskManagerInfra.csproj", "{8AEBEE1A-E7F5-4F50-9A8F-730DB8D074D5}"
EndProject
Global
	GlobalSection(SolutionConfigurationPlatforms) = preSolution
		Debug|Any CPU = Debug|Any CPU
		Release|Any CPU = Release|Any CPU
	EndGlobalSection
	GlobalSection(ProjectConfigurationPlatforms) = postSolution
		{30B080EF-F44B-428A-BC4E-C78EBEE48C38}.Debug|Any CPU.ActiveCfg = Debug|Any CPU
		{30B080EF-F44B-428A-BC4E-C78EBEE48C38}.Debug|Any CPU.Build.0 = Debug|Any CPU
		{30B080EF-F44B-428A-BC4E-C78EBEE48C38}.Release|Any CPU.ActiveCfg = Release|Any CPU
		{30B080EF-F44B-428A-BC4E-C78EBEE48C38}.Release|Any CPU.Build.0 = Release|Any CPU
		{AE89DF9A-FC8B-4032-A748-9953215BE874}.Debug|Any CPU.ActiveCfg = Debug|Any CPU
		{AE89DF9A-FC8B-4032-A748-9953215BE874}.Debug|Any CPU.Build.0 = Debug|Any CPU
		{AE89DF9A-FC8B-4032-A748-9953215BE874}.Release|Any CPU.ActiveCfg = Release|Any CPU
		{AE89DF9A-FC8B-4032-A748-9953215BE874}.Release|Any CPU.Build.0 = Release|Any CPU
		{F98A512F-714D-4005-B9DD-B1E1E732A2DA}.Debug|Any CPU.ActiveCfg = Debug|Any CPU
		{F98A512F-714D-4005-B9DD-B1E1E732A2DA}.Debug|Any CPU.Build.0 = Debug|Any CPU
		{F98A512F-714D-4005-B9DD-B1E1E732A2DA}.Release|Any CPU.ActiveCfg = Release|Any CPU
		{F98A512F-714D-4005-B9DD-B1E1E732A2DA}.Release|Any CPU.Build.0 = Release|Any CPU
		{8AEBEE1A-E7F5-4F50-9A8F-730DB8D074D5}.Debug|Any CPU.ActiveCfg = Debug|Any CPU
		{8AEBEE1A-E7F5-4F50-9A8F-730DB8D074D5}.Debug|Any CPU.Build.0 = Debug|Any CPU
		{8AEBEE1A-E7F5-4F50-9A8F-730DB8D074D5}.Release|Any CPU.ActiveCfg = Release|Any CPU
		{8AEBEE1A-E7F5-4F50-9A8F-730DB8D074D5}.Release|Any CPU.Build.0 = Release|Any CPU
	EndGlobalSection
	GlobalSection(SolutionProperties) = preSolution
		HideSolutionNode = FALSE
	EndGlobalSection
	GlobalSection(ExtensibilityGlobals) = postSolution
		SolutionGuid = {FFE7BDDE-A30B-4CE2-91A8-CAB798DD1551}
	EndGlobalSection
EndGlobal
